// !$*UTF8*$!
{
	archiveVersion = 1;
	classes = {
	};
	objectVersion = 51;
	objects = {

/* Begin PBXBuildFile section */
		4EB340336D19B730159F47A3 /* Pods_CoronaStats.framework in Frameworks */ = {isa = PBXBuildFile; fileRef = 535C498E9264426079225802 /* Pods_CoronaStats.framework */; };
		6F738AEF24AB9C260075C869 /* AppDelegate.swift in Sources */ = {isa = PBXBuildFile; fileRef = 6F738AEE24AB9C260075C869 /* AppDelegate.swift */; };
		6F738AF124AB9C260075C869 /* SceneDelegate.swift in Sources */ = {isa = PBXBuildFile; fileRef = 6F738AF024AB9C260075C869 /* SceneDelegate.swift */; };
		6F738AF424AB9C260075C869 /* CoronaStats.xcdatamodeld in Sources */ = {isa = PBXBuildFile; fileRef = 6F738AF224AB9C260075C869 /* CoronaStats.xcdatamodeld */; };
		6F738AF624AB9C260075C869 /* ContentView.swift in Sources */ = {isa = PBXBuildFile; fileRef = 6F738AF524AB9C260075C869 /* ContentView.swift */; };
		6F738AF824AB9C280075C869 /* Assets.xcassets in Resources */ = {isa = PBXBuildFile; fileRef = 6F738AF724AB9C280075C869 /* Assets.xcassets */; };
		6F738AFB24AB9C280075C869 /* Preview Assets.xcassets in Resources */ = {isa = PBXBuildFile; fileRef = 6F738AFA24AB9C280075C869 /* Preview Assets.xcassets */; };
		6F738AFE24AB9C280075C869 /* LaunchScreen.storyboard in Resources */ = {isa = PBXBuildFile; fileRef = 6F738AFC24AB9C280075C869 /* LaunchScreen.storyboard */; };
		6F738B0824AB9F300075C869 /* CovidFetchRequest.swift in Sources */ = {isa = PBXBuildFile; fileRef = 6F738B0724AB9F300075C869 /* CovidFetchRequest.swift */; };
		6F738B0A24ABA5840075C869 /* Model.swift in Sources */ = {isa = PBXBuildFile; fileRef = 6F738B0924ABA5840075C869 /* Model.swift */; };
		6F738B0F24ABCE5E0075C869 /* RecentView.swift in Sources */ = {isa = PBXBuildFile; fileRef = 6F738B0E24ABCE5E0075C869 /* RecentView.swift */; };
		6F738B1124ABD4EF0075C869 /* ListHeaderView.swift in Sources */ = {isa = PBXBuildFile; fileRef = 6F738B1024ABD4EF0075C869 /* ListHeaderView.swift */; };
		6F738B1524ABD7BD0075C869 /* CountryDataRowView.swift in Sources */ = {isa = PBXBuildFile; fileRef = 6F738B1424ABD7BD0075C869 /* CountryDataRowView.swift */; };
		6F738B1724ABD89D0075C869 /* Extension.swift in Sources */ = {isa = PBXBuildFile; fileRef = 6F738B1624ABD89D0075C869 /* Extension.swift */; };
		6F738B1B24AD077C0075C869 /* TotalDataCard.swift in Sources */ = {isa = PBXBuildFile; fileRef = 6F738B1A24AD077C0075C869 /* TotalDataCard.swift */; };
		6F738B1D24AD0A6A0075C869 /* TotalDataView.swift in Sources */ = {isa = PBXBuildFile; fileRef = 6F738B1C24AD0A6A0075C869 /* TotalDataView.swift */; };
/* End PBXBuildFile section */

/* Begin PBXFileReference section */
		1E790F5556408F00BD46DF53 /* Pods-CoronaStats.debug.xcconfig */ = {isa = PBXFileReference; includeInIndex = 1; lastKnownFileType = text.xcconfig; name = "Pods-CoronaStats.debug.xcconfig"; path = "Target Support Files/Pods-CoronaStats/Pods-CoronaStats.debug.xcconfig"; sourceTree = "<group>"; };
		535C498E9264426079225802 /* Pods_CoronaStats.framework */ = {isa = PBXFileReference; explicitFileType = wrapper.framework; includeInIndex = 0; path = Pods_CoronaStats.framework; sourceTree = BUILT_PRODUCTS_DIR; };
		6F738AEB24AB9C260075C869 /* CoronaStats.app */ = {isa = PBXFileReference; explicitFileType = wrapper.application; includeInIndex = 0; path = CoronaStats.app; sourceTree = BUILT_PRODUCTS_DIR; };
		6F738AEE24AB9C260075C869 /* AppDelegate.swift */ = {isa = PBXFileReference; lastKnownFileType = sourcecode.swift; path = AppDelegate.swift; sourceTree = "<group>"; };
		6F738AF024AB9C260075C869 /* SceneDelegate.swift */ = {isa = PBXFileReference; lastKnownFileType = sourcecode.swift; path = SceneDelegate.swift; sourceTree = "<group>"; };
		6F738AF324AB9C260075C869 /* CoronaStats.xcdatamodel */ = {isa = PBXFileReference; lastKnownFileType = wrapper.xcdatamodel; path = CoronaStats.xcdatamodel; sourceTree = "<group>"; };
		6F738AF524AB9C260075C869 /* ContentView.swift */ = {isa = PBXFileReference; lastKnownFileType = sourcecode.swift; path = ContentView.swift; sourceTree = "<group>"; };
		6F738AF724AB9C280075C869 /* Assets.xcassets */ = {isa = PBXFileReference; lastKnownFileType = folder.assetcatalog; path = Assets.xcassets; sourceTree = "<group>"; };
		6F738AFA24AB9C280075C869 /* Preview Assets.xcassets */ = {isa = PBXFileReference; lastKnownFileType = folder.assetcatalog; path = "Preview Assets.xcassets"; sourceTree = "<group>"; };
		6F738AFD24AB9C280075C869 /* Base */ = {isa = PBXFileReference; lastKnownFileType = file.storyboard; name = Base; path = Base.lproj/LaunchScreen.storyboard; sourceTree = "<group>"; };
		6F738AFF24AB9C280075C869 /* Info.plist */ = {isa = PBXFileReference; lastKnownFileType = text.plist.xml; path = Info.plist; sourceTree = "<group>"; };
		6F738B0724AB9F300075C869 /* CovidFetchRequest.swift */ = {isa = PBXFileReference; lastKnownFileType = sourcecode.swift; path = CovidFetchRequest.swift; sourceTree = "<group>"; };
		6F738B0924ABA5840075C869 /* Model.swift */ = {isa = PBXFileReference; lastKnownFileType = sourcecode.swift; path = Model.swift; sourceTree = "<group>"; };
		6F738B0E24ABCE5E0075C869 /* RecentView.swift */ = {isa = PBXFileReference; lastKnownFileType = sourcecode.swift; path = RecentView.swift; sourceTree = "<group>"; };
		6F738B1024ABD4EF0075C869 /* ListHeaderView.swift */ = {isa = PBXFileReference; lastKnownFileType = sourcecode.swift; path = ListHeaderView.swift; sourceTree = "<group>"; };
		6F738B1424ABD7BD0075C869 /* CountryDataRowView.swift */ = {isa = PBXFileReference; lastKnownFileType = sourcecode.swift; path = CountryDataRowView.swift; sourceTree = "<group>"; };
		6F738B1624ABD89D0075C869 /* Extension.swift */ = {isa = PBXFileReference; lastKnownFileType = sourcecode.swift; path = Extension.swift; sourceTree = "<group>"; };
		6F738B1A24AD077C0075C869 /* TotalDataCard.swift */ = {isa = PBXFileReference; lastKnownFileType = sourcecode.swift; path = TotalDataCard.swift; sourceTree = "<group>"; };
		6F738B1C24AD0A6A0075C869 /* TotalDataView.swift */ = {isa = PBXFileReference; lastKnownFileType = sourcecode.swift; path = TotalDataView.swift; sourceTree = "<group>"; };
		A21BAF00F3BF4969142C5F96 /* Pods-CoronaStats.release.xcconfig */ = {isa = PBXFileReference; includeInIndex = 1; lastKnownFileType = text.xcconfig; name = "Pods-CoronaStats.release.xcconfig"; path = "Target Support Files/Pods-CoronaStats/Pods-CoronaStats.release.xcconfig"; sourceTree = "<group>"; };
/* End PBXFileReference section */

/* Begin PBXFrameworksBuildPhase section */
		6F738AE824AB9C260075C869 /* Frameworks */ = {
			isa = PBXFrameworksBuildPhase;
			buildActionMask = 2147483647;
			files = (
				4EB340336D19B730159F47A3 /* Pods_CoronaStats.framework in Frameworks */,
			);
			runOnlyForDeploymentPostprocessing = 0;
		};
/* End PBXFrameworksBuildPhase section */

/* Begin PBXGroup section */
		680527D87DCA645377E69AF2 /* Pods */ = {
			isa = PBXGroup;
			children = (
				1E790F5556408F00BD46DF53 /* Pods-CoronaStats.debug.xcconfig */,
				A21BAF00F3BF4969142C5F96 /* Pods-CoronaStats.release.xcconfig */,
			);
			path = Pods;
			sourceTree = "<group>";
		};
		6F738AE224AB9C260075C869 = {
			isa = PBXGroup;
			children = (
				6F738AED24AB9C260075C869 /* CoronaStats */,
				6F738AEC24AB9C260075C869 /* Products */,
				680527D87DCA645377E69AF2 /* Pods */,
				B96E85C43F0B0F2FB7E47ACB /* Frameworks */,
			);
			sourceTree = "<group>";
		};
		6F738AEC24AB9C260075C869 /* Products */ = {
			isa = PBXGroup;
			children = (
				6F738AEB24AB9C260075C869 /* CoronaStats.app */,
			);
			name = Products;
			sourceTree = "<group>";
		};
		6F738AED24AB9C260075C869 /* CoronaStats */ = {
			isa = PBXGroup;
			children = (
				6F738AEE24AB9C260075C869 /* AppDelegate.swift */,
				6F738AF024AB9C260075C869 /* SceneDelegate.swift */,
				6F738B1924AD07560075C869 /* Views */,
				6F738B1024ABD4EF0075C869 /* ListHeaderView.swift */,
				6F738B0E24ABCE5E0075C869 /* RecentView.swift */,
				6F738B1824AD070E0075C869 /* Extensions */,
				6F738B0D24ABCDFE0075C869 /* Model */,
				6F738AF724AB9C280075C869 /* Assets.xcassets */,
				6F738AFC24AB9C280075C869 /* LaunchScreen.storyboard */,
				6F738AFF24AB9C280075C869 /* Info.plist */,
				6F738AF224AB9C260075C869 /* CoronaStats.xcdatamodeld */,
				6F738AF924AB9C280075C869 /* Preview Content */,
			);
			path = CoronaStats;
			sourceTree = "<group>";
		};
		6F738AF924AB9C280075C869 /* Preview Content */ = {
			isa = PBXGroup;
			children = (
				6F738AFA24AB9C280075C869 /* Preview Assets.xcassets */,
			);
			path = "Preview Content";
			sourceTree = "<group>";
		};
		6F738B0D24ABCDFE0075C869 /* Model */ = {
			isa = PBXGroup;
			children = (
				6F738B0924ABA5840075C869 /* Model.swift */,
				6F738B0724AB9F300075C869 /* CovidFetchRequest.swift */,
			);
			path = Model;
			sourceTree = "<group>";
		};
		6F738B1824AD070E0075C869 /* Extensions */ = {
			isa = PBXGroup;
			children = (
				6F738B1624ABD89D0075C869 /* Extension.swift */,
			);
			path = Extensions;
			sourceTree = "<group>";
		};
		6F738B1924AD07560075C869 /* Views */ = {
			isa = PBXGroup;
			children = (
				6F738AF524AB9C260075C869 /* ContentView.swift */,
				6F738B1A24AD077C0075C869 /* TotalDataCard.swift */,
				6F738B1C24AD0A6A0075C869 /* TotalDataView.swift */,
				6F738B1424ABD7BD0075C869 /* CountryDataRowView.swift */,
			);
			path = Views;
			sourceTree = "<group>";
		};
		B96E85C43F0B0F2FB7E47ACB /* Frameworks */ = {
			isa = PBXGroup;
			children = (
				535C498E9264426079225802 /* Pods_CoronaStats.framework */,
			);
			name = Frameworks;
			sourceTree = "<group>";
		};
/* End PBXGroup section */

/* Begin PBXNativeTarget section */
		6F738AEA24AB9C260075C869 /* CoronaStats */ = {
			isa = PBXNativeTarget;
			buildConfigurationList = 6F738B0224AB9C280075C869 /* Build configuration list for PBXNativeTarget "CoronaStats" */;
			buildPhases = (
				640DD42FE8D5B553540A3991 /* [CP] Check Pods Manifest.lock */,
				6F738AE724AB9C260075C869 /* Sources */,
				6F738AE824AB9C260075C869 /* Frameworks */,
				6F738AE924AB9C260075C869 /* Resources */,
				FE7DDAE60A9D0B25A2C7EDC9 /* [CP] Embed Pods Frameworks */,
			);
			buildRules = (
			);
			dependencies = (
			);
			name = CoronaStats;
			productName = CoronaStats;
			productReference = 6F738AEB24AB9C260075C869 /* CoronaStats.app */;
			productType = "com.apple.product-type.application";
		};
/* End PBXNativeTarget section */

/* Begin PBXProject section */
		6F738AE324AB9C260075C869 /* Project object */ = {
			isa = PBXProject;
			attributes = {
				LastSwiftUpdateCheck = 1150;
				LastUpgradeCheck = 1150;
				ORGANIZATIONNAME = sj;
				TargetAttributes = {
					6F738AEA24AB9C260075C869 = {
						CreatedOnToolsVersion = 11.5;
					};
				};
			};
			buildConfigurationList = 6F738AE624AB9C260075C869 /* Build configuration list for PBXProject "CoronaStats" */;
			compatibilityVersion = "Xcode 9.3";
			developmentRegion = en;
			hasScannedForEncodings = 0;
			knownRegions = (
				en,
				Base,
			);
			mainGroup = 6F738AE224AB9C260075C869;
			productRefGroup = 6F738AEC24AB9C260075C869 /* Products */;
			projectDirPath = "";
			projectRoot = "";
			targets = (
				6F738AEA24AB9C260075C869 /* CoronaStats */,
			);
		};
/* End PBXProject section */

/* Begin PBXResourcesBuildPhase section */
		6F738AE924AB9C260075C869 /* Resources */ = {
			isa = PBXResourcesBuildPhase;
			buildActionMask = 2147483647;
			files = (
				6F738AFE24AB9C280075C869 /* LaunchScreen.storyboard in Resources */,
				6F738AFB24AB9C280075C869 /* Preview Assets.xcassets in Resources */,
				6F738AF824AB9C280075C869 /* Assets.xcassets in Resources */,
			);
			runOnlyForDeploymentPostprocessing = 0;
		};
/* End PBXResourcesBuildPhase section */

/* Begin PBXShellScriptBuildPhase section */
		640DD42FE8D5B553540A3991 /* [CP] Check Pods Manifest.lock */ = {
			isa = PBXShellScriptBuildPhase;
			buildActionMask = 2147483647;
			files = (
			);
			inputFileListPaths = (
			);
			inputPaths = (
				"${PODS_PODFILE_DIR_PATH}/Podfile.lock",
				"${PODS_ROOT}/Manifest.lock",
			);
			name = "[CP] Check Pods Manifest.lock";
			outputFileListPaths = (
			);
			outputPaths = (
				"$(DERIVED_FILE_DIR)/Pods-CoronaStats-checkManifestLockResult.txt",
			);
			runOnlyForDeploymentPostprocessing = 0;
			shellPath = /bin/sh;
			shellScript = "diff \"${PODS_PODFILE_DIR_PATH}/Podfile.lock\" \"${PODS_ROOT}/Manifest.lock\" > /dev/null\nif [ $? != 0 ] ; then\n    # print error to STDERR\n    echo \"error: The sandbox is not in sync with the Podfile.lock. Run 'pod install' or update your CocoaPods installation.\" >&2\n    exit 1\nfi\n# This output is used by Xcode 'outputs' to avoid re-running this script phase.\necho \"SUCCESS\" > \"${SCRIPT_OUTPUT_FILE_0}\"\n";
			showEnvVarsInLog = 0;
		};
		FE7DDAE60A9D0B25A2C7EDC9 /* [CP] Embed Pods Frameworks */ = {
			isa = PBXShellScriptBuildPhase;
			buildActionMask = 2147483647;
			files = (
			);
			inputFileListPaths = (
				"${PODS_ROOT}/Target Support Files/Pods-CoronaStats/Pods-CoronaStats-frameworks-${CONFIGURATION}-input-files.xcfilelist",
			);
			name = "[CP] Embed Pods Frameworks";
			outputFileListPaths = (
				"${PODS_ROOT}/Target Support Files/Pods-CoronaStats/Pods-CoronaStats-frameworks-${CONFIGURATION}-output-files.xcfilelist",
			);
			runOnlyForDeploymentPostprocessing = 0;
			shellPath = /bin/sh;
			shellScript = "\"${PODS_ROOT}/Target Support Files/Pods-CoronaStats/Pods-CoronaStats-frameworks.sh\"\n";
			showEnvVarsInLog = 0;
		};
/* End PBXShellScriptBuildPhase section */

/* Begin PBXSourcesBuildPhase section */
		6F738AE724AB9C260075C869 /* Sources */ = {
			isa = PBXSourcesBuildPhase;
			buildActionMask = 2147483647;
			files = (
				6F738B0824AB9F300075C869 /* CovidFetchRequest.swift in Sources */,
				6F738AF424AB9C260075C869 /* CoronaStats.xcdatamodeld in Sources */,
				6F738AEF24AB9C260075C869 /* AppDelegate.swift in Sources */,
				6F738B0A24ABA5840075C869 /* Model.swift in Sources */,
				6F738AF624AB9C260075C869 /* ContentView.swift in Sources */,
				6F738B1724ABD89D0075C869 /* Extension.swift in Sources */,
				6F738B0F24ABCE5E0075C869 /* RecentView.swift in Sources */,
				6F738AF124AB9C260075C869 /* SceneDelegate.swift in Sources */,
				6F738B1124ABD4EF0075C869 /* ListHeaderView.swift in Sources */,
				6F738B1B24AD077C0075C869 /* TotalDataCard.swift in Sources */,
				6F738B1524ABD7BD0075C869 /* CountryDataRowView.swift in Sources */,
				6F738B1D24AD0A6A0075C869 /* TotalDataView.swift in Sources */,
			);
			runOnlyForDeploymentPostprocessing = 0;
		};
/* End PBXSourcesBuildPhase section */

/* Begin PBXVariantGroup section */
		6F738AFC24AB9C280075C869 /* LaunchScreen.storyboard */ = {
			isa = PBXVariantGroup;
			children = (
				6F738AFD24AB9C280075C869 /* Base */,
			);
			name = LaunchScreen.storyboard;
			sourceTree = "<group>";
		};
/* End PBXVariantGroup section */

/* Begin XCBuildConfiguration section */
		6F738B0024AB9C280075C869 /* Debug */ = {
			isa = XCBuildConfiguration;
			buildSettings = {
				ALWAYS_SEARCH_USER_PATHS = NO;
				CLANG_ANALYZER_NONNULL = YES;
				CLANG_ANALYZER_NUMBER_OBJECT_CONVERSION = YES_AGGRESSIVE;
				CLANG_CXX_LANGUAGE_STANDARD = "gnu++14";
				CLANG_CXX_LIBRARY = "libc++";
				CLANG_ENABLE_MODULES = YES;
				CLANG_ENABLE_OBJC_ARC = YES;
				CLANG_ENABLE_OBJC_WEAK = YES;
				CLANG_WARN_BLOCK_CAPTURE_AUTORELEASING = YES;
				CLANG_WARN_BOOL_CONVERSION = YES;
				CLANG_WARN_COMMA = YES;
				CLANG_WARN_CONSTANT_CONVERSION = YES;
				CLANG_WARN_DEPRECATED_OBJC_IMPLEMENTATIONS = YES;
				CLANG_WARN_DIRECT_OBJC_ISA_USAGE = YES_ERROR;
				CLANG_WARN_DOCUMENTATION_COMMENTS = YES;
				CLANG_WARN_EMPTY_BODY = YES;
				CLANG_WARN_ENUM_CONVERSION = YES;
				CLANG_WARN_INFINITE_RECURSION = YES;
				CLANG_WARN_INT_CONVERSION = YES;
				CLANG_WARN_NON_LITERAL_NULL_CONVERSION = YES;
				CLANG_WARN_OBJC_IMPLICIT_RETAIN_SELF = YES;
				CLANG_WARN_OBJC_LITERAL_CONVERSION = YES;
				CLANG_WARN_OBJC_ROOT_CLASS = YES_ERROR;
				CLANG_WARN_RANGE_LOOP_ANALYSIS = YES;
				CLANG_WARN_STRICT_PROTOTYPES = YES;
				CLANG_WARN_SUSPICIOUS_MOVE = YES;
				CLANG_WARN_UNGUARDED_AVAILABILITY = YES_AGGRESSIVE;
				CLANG_WARN_UNREACHABLE_CODE = YES;
				CLANG_WARN__DUPLICATE_METHOD_MATCH = YES;
				COPY_PHASE_STRIP = NO;
				DEBUG_INFORMATION_FORMAT = dwarf;
				ENABLE_STRICT_OBJC_MSGSEND = YES;
				ENABLE_TESTABILITY = YES;
				GCC_C_LANGUAGE_STANDARD = gnu11;
				GCC_DYNAMIC_NO_PIC = NO;
				GCC_NO_COMMON_BLOCKS = YES;
				GCC_OPTIMIZATION_LEVEL = 0;
				GCC_PREPROCESSOR_DEFINITIONS = (
					"DEBUG=1",
					"$(inherited)",
				);
				GCC_WARN_64_TO_32_BIT_CONVERSION = YES;
				GCC_WARN_ABOUT_RETURN_TYPE = YES_ERROR;
				GCC_WARN_UNDECLARED_SELECTOR = YES;
				GCC_WARN_UNINITIALIZED_AUTOS = YES_AGGRESSIVE;
				GCC_WARN_UNUSED_FUNCTION = YES;
				GCC_WARN_UNUSED_VARIABLE = YES;
				IPHONEOS_DEPLOYMENT_TARGET = 13.5;
				MTL_ENABLE_DEBUG_INFO = INCLUDE_SOURCE;
				MTL_FAST_MATH = YES;
				ONLY_ACTIVE_ARCH = YES;
				SDKROOT = iphoneos;
				SWIFT_ACTIVE_COMPILATION_CONDITIONS = DEBUG;
				SWIFT_OPTIMIZATION_LEVEL = "-Onone";
			};
			name = Debug;
		};
		6F738B0124AB9C280075C869 /* Release */ = {
			isa = XCBuildConfiguration;
			buildSettings = {
				ALWAYS_SEARCH_USER_PATHS = NO;
				CLANG_ANALYZER_NONNULL = YES;
				CLANG_ANALYZER_NUMBER_OBJECT_CONVERSION = YES_AGGRESSIVE;
				CLANG_CXX_LANGUAGE_STANDARD = "gnu++14";
				CLANG_CXX_LIBRARY = "libc++";
				CLANG_ENABLE_MODULES = YES;
				CLANG_ENABLE_OBJC_ARC = YES;
				CLANG_ENABLE_OBJC_WEAK = YES;
				CLANG_WARN_BLOCK_CAPTURE_AUTORELEASING = YES;
				CLANG_WARN_BOOL_CONVERSION = YES;
				CLANG_WARN_COMMA = YES;
				CLANG_WARN_CONSTANT_CONVERSION = YES;
				CLANG_WARN_DEPRECATED_OBJC_IMPLEMENTATIONS = YES;
				CLANG_WARN_DIRECT_OBJC_ISA_USAGE = YES_ERROR;
				CLANG_WARN_DOCUMENTATION_COMMENTS = YES;
				CLANG_WARN_EMPTY_BODY = YES;
				CLANG_WARN_ENUM_CONVERSION = YES;
				CLANG_WARN_INFINITE_RECURSION = YES;
				CLANG_WARN_INT_CONVERSION = YES;
				CLANG_WARN_NON_LITERAL_NULL_CONVERSION = YES;
				CLANG_WARN_OBJC_IMPLICIT_RETAIN_SELF = YES;
				CLANG_WARN_OBJC_LITERAL_CONVERSION = YES;
				CLANG_WARN_OBJC_ROOT_CLASS = YES_ERROR;
				CLANG_WARN_RANGE_LOOP_ANALYSIS = YES;
				CLANG_WARN_STRICT_PROTOTYPES = YES;
				CLANG_WARN_SUSPICIOUS_MOVE = YES;
				CLANG_WARN_UNGUARDED_AVAILABILITY = YES_AGGRESSIVE;
				CLANG_WARN_UNREACHABLE_CODE = YES;
				CLANG_WARN__DUPLICATE_METHOD_MATCH = YES;
				COPY_PHASE_STRIP = NO;
				DEBUG_INFORMATION_FORMAT = "dwarf-with-dsym";
				ENABLE_NS_ASSERTIONS = NO;
				ENABLE_STRICT_OBJC_MSGSEND = YES;
				GCC_C_LANGUAGE_STANDARD = gnu11;
				GCC_NO_COMMON_BLOCKS = YES;
				GCC_WARN_64_TO_32_BIT_CONVERSION = YES;
				GCC_WARN_ABOUT_RETURN_TYPE = YES_ERROR;
				GCC_WARN_UNDECLARED_SELECTOR = YES;
				GCC_WARN_UNINITIALIZED_AUTOS = YES_AGGRESSIVE;
				GCC_WARN_UNUSED_FUNCTION = YES;
				GCC_WARN_UNUSED_VARIABLE = YES;
				IPHONEOS_DEPLOYMENT_TARGET = 13.5;
				MTL_ENABLE_DEBUG_INFO = NO;
				MTL_FAST_MATH = YES;
				SDKROOT = iphoneos;
				SWIFT_COMPILATION_MODE = wholemodule;
				SWIFT_OPTIMIZATION_LEVEL = "-O";
				VALIDATE_PRODUCT = YES;
			};
			name = Release;
		};
		6F738B0324AB9C280075C869 /* Debug */ = {
			isa = XCBuildConfiguration;
			baseConfigurationReference = 1E790F5556408F00BD46DF53 /* Pods-CoronaStats.debug.xcconfig */;
			buildSettings = {
				ASSETCATALOG_COMPILER_APPICON_NAME = AppIcon;
				CODE_SIGN_STYLE = Automatic;
				DEVELOPMENT_ASSET_PATHS = "\"CoronaStats/Preview Content\"";
				ENABLE_PREVIEWS = YES;
				INFOPLIST_FILE = CoronaStats/Info.plist;
				LD_RUNPATH_SEARCH_PATHS = (
					"$(inherited)",
					"@executable_path/Frameworks",
				);
				PRODUCT_BUNDLE_IDENTIFIER = com.sj.CoronaStats;
				PRODUCT_NAME = "$(TARGET_NAME)";
				SWIFT_VERSION = 5.0;
				TARGETED_DEVICE_FAMILY = "1,2";
			};
			name = Debug;
		};
		6F738B0424AB9C280075C869 /* Release */ = {
			isa = XCBuildConfiguration;
			baseConfigurationReference = A21BAF00F3BF4969142C5F96 /* Pods-CoronaStats.release.xcconfig */;
			buildSettings = {
				ASSETCATALOG_COMPILER_APPICON_NAME = AppIcon;
				CODE_SIGN_STYLE = Automatic;
				DEVELOPMENT_ASSET_PATHS = "\"CoronaStats/Preview Content\"";
				ENABLE_PREVIEWS = YES;
				INFOPLIST_FILE = CoronaStats/Info.plist;
				LD_RUNPATH_SEARCH_PATHS = (
					"$(inherited)",
					"@executable_path/Frameworks",
				);
				PRODUCT_BUNDLE_IDENTIFIER = com.sj.CoronaStats;
				PRODUCT_NAME = "$(TARGET_NAME)";
				SWIFT_VERSION = 5.0;
				TARGETED_DEVICE_FAMILY = "1,2";
			};
			name = Release;
		};
/* End XCBuildConfiguration section */

/* Begin XCConfigurationList section */
		6F738AE624AB9C260075C869 /* Build configuration list for PBXProject "CoronaStats" */ = {
			isa = XCConfigurationList;
			buildConfigurations = (
				6F738B0024AB9C280075C869 /* Debug */,
				6F738B0124AB9C280075C869 /* Release */,
			);
			defaultConfigurationIsVisible = 0;
			defaultConfigurationName = Release;
		};
		6F738B0224AB9C280075C869 /* Build configuration list for PBXNativeTarget "CoronaStats" */ = {
			isa = XCConfigurationList;
			buildConfigurations = (
				6F738B0324AB9C280075C869 /* Debug */,
				6F738B0424AB9C280075C869 /* Release */,
			);
			defaultConfigurationIsVisible = 0;
			defaultConfigurationName = Release;
		};
/* End XCConfigurationList section */

/* Begin XCVersionGroup section */
		6F738AF224AB9C260075C869 /* CoronaStats.xcdatamodeld */ = {
			isa = XCVersionGroup;
			children = (
				6F738AF324AB9C260075C869 /* CoronaStats.xcdatamodel */,
			);
			currentVersion = 6F738AF324AB9C260075C869 /* CoronaStats.xcdatamodel */;
			path = CoronaStats.xcdatamodeld;
			sourceTree = "<group>";
			versionGroupType = wrapper.xcdatamodel;
		};
/* End XCVersionGroup section */
	};
	rootObject = 6F738AE324AB9C260075C869 /* Project object */;
}
